// !$*UTF8*$!
{
	archiveVersion = 1;
	classes = {
	};
	objectVersion = 55;
	objects = {

/* Begin PBXBuildFile section */
		03EF66E81EE335ECD20578A6 /* Pods_MyPlaces.framework in Frameworks */ = {isa = PBXBuildFile; fileRef = F7BEFC7D23CBBEFC0182E8F5 /* Pods_MyPlaces.framework */; };
		EB01E22929F5CD4400B04FC5 /* NewPlaceViewController.swift in Sources */ = {isa = PBXBuildFile; fileRef = EB01E22829F5CD3D00B04FC5 /* NewPlaceViewController.swift */; };
		EB1CE4CF2A1EDC1300B8E4E8 /* MapManager.swift in Sources */ = {isa = PBXBuildFile; fileRef = EB1CE4CE2A1EDC1200B8E4E8 /* MapManager.swift */; };
		EB3B618829EF45A500FBF9A2 /* AppDelegate.swift in Sources */ = {isa = PBXBuildFile; fileRef = EB3B618729EF45A500FBF9A2 /* AppDelegate.swift */; };
		EB3B618A29EF45A500FBF9A2 /* SceneDelegate.swift in Sources */ = {isa = PBXBuildFile; fileRef = EB3B618929EF45A500FBF9A2 /* SceneDelegate.swift */; };
		EB3B618F29EF45A500FBF9A2 /* Main.storyboard in Resources */ = {isa = PBXBuildFile; fileRef = EB3B618D29EF45A500FBF9A2 /* Main.storyboard */; };
		EB3B619229EF45A500FBF9A2 /* MyPlaces.xcdatamodeld in Sources */ = {isa = PBXBuildFile; fileRef = EB3B619029EF45A500FBF9A2 /* MyPlaces.xcdatamodeld */; };
		EB3B619429EF45A900FBF9A2 /* Assets.xcassets in Resources */ = {isa = PBXBuildFile; fileRef = EB3B619329EF45A900FBF9A2 /* Assets.xcassets */; };
		EB3B619729EF45A900FBF9A2 /* LaunchScreen.storyboard in Resources */ = {isa = PBXBuildFile; fileRef = EB3B619529EF45A900FBF9A2 /* LaunchScreen.storyboard */; };
		EB3B619F29EF604900FBF9A2 /* MainViewController.swift in Sources */ = {isa = PBXBuildFile; fileRef = EB3B619E29EF604900FBF9A2 /* MainViewController.swift */; };
		EB3EF94629FC474F00C8E3B8 /* StorageManager.swift in Sources */ = {isa = PBXBuildFile; fileRef = EB3EF94529FC474F00C8E3B8 /* StorageManager.swift */; };
		EB712BD02A1848CE0064C34B /* MapViewController.swift in Sources */ = {isa = PBXBuildFile; fileRef = EB712BCF2A1848CD0064C34B /* MapViewController.swift */; };
		EBAFE05A2A12F770007296A1 /* RatingControl.swift in Sources */ = {isa = PBXBuildFile; fileRef = EBAFE0592A12F76F007296A1 /* RatingControl.swift */; };
		EBC4594A29F46092003060F6 /* CustomTableViewCell.swift in Sources */ = {isa = PBXBuildFile; fileRef = EBC4594929F46092003060F6 /* CustomTableViewCell.swift */; };
		EBC4594C29F4728F003060F6 /* PlaceModel.swift in Sources */ = {isa = PBXBuildFile; fileRef = EBC4594B29F4728F003060F6 /* PlaceModel.swift */; };
/* End PBXBuildFile section */

/* Begin PBXFileReference section */
		96AF143C6DFD6DAE35E6AC07 /* Pods-MyPlaces.debug.xcconfig */ = {isa = PBXFileReference; includeInIndex = 1; lastKnownFileType = text.xcconfig; name = "Pods-MyPlaces.debug.xcconfig"; path = "Target Support Files/Pods-MyPlaces/Pods-MyPlaces.debug.xcconfig"; sourceTree = "<group>"; };
		C2CDAB6F84035EC22AE27C2A /* Pods-MyPlaces.release.xcconfig */ = {isa = PBXFileReference; includeInIndex = 1; lastKnownFileType = text.xcconfig; name = "Pods-MyPlaces.release.xcconfig"; path = "Target Support Files/Pods-MyPlaces/Pods-MyPlaces.release.xcconfig"; sourceTree = "<group>"; };
		EB01E22829F5CD3D00B04FC5 /* NewPlaceViewController.swift */ = {isa = PBXFileReference; lastKnownFileType = sourcecode.swift; path = NewPlaceViewController.swift; sourceTree = "<group>"; };
		EB1CE4CE2A1EDC1200B8E4E8 /* MapManager.swift */ = {isa = PBXFileReference; lastKnownFileType = sourcecode.swift; path = MapManager.swift; sourceTree = "<group>"; };
		EB3B618429EF45A500FBF9A2 /* MyPlaces.app */ = {isa = PBXFileReference; explicitFileType = wrapper.application; includeInIndex = 0; path = MyPlaces.app; sourceTree = BUILT_PRODUCTS_DIR; };
		EB3B618729EF45A500FBF9A2 /* AppDelegate.swift */ = {isa = PBXFileReference; lastKnownFileType = sourcecode.swift; path = AppDelegate.swift; sourceTree = "<group>"; };
		EB3B618929EF45A500FBF9A2 /* SceneDelegate.swift */ = {isa = PBXFileReference; lastKnownFileType = sourcecode.swift; path = SceneDelegate.swift; sourceTree = "<group>"; };
		EB3B618E29EF45A500FBF9A2 /* Base */ = {isa = PBXFileReference; lastKnownFileType = file.storyboard; name = Base; path = Base.lproj/Main.storyboard; sourceTree = "<group>"; };
		EB3B619129EF45A500FBF9A2 /* MyPlaces.xcdatamodel */ = {isa = PBXFileReference; lastKnownFileType = wrapper.xcdatamodel; path = MyPlaces.xcdatamodel; sourceTree = "<group>"; };
		EB3B619329EF45A900FBF9A2 /* Assets.xcassets */ = {isa = PBXFileReference; lastKnownFileType = folder.assetcatalog; path = Assets.xcassets; sourceTree = "<group>"; };
		EB3B619629EF45A900FBF9A2 /* Base */ = {isa = PBXFileReference; lastKnownFileType = file.storyboard; name = Base; path = Base.lproj/LaunchScreen.storyboard; sourceTree = "<group>"; };
		EB3B619829EF45A900FBF9A2 /* Info.plist */ = {isa = PBXFileReference; lastKnownFileType = text.plist.xml; name = Info.plist; path = MyPlaces/SupportFiles/Info.plist; sourceTree = SOURCE_ROOT; };
		EB3B619E29EF604900FBF9A2 /* MainViewController.swift */ = {isa = PBXFileReference; lastKnownFileType = sourcecode.swift; path = MainViewController.swift; sourceTree = "<group>"; };
		EB3EF94529FC474F00C8E3B8 /* StorageManager.swift */ = {isa = PBXFileReference; lastKnownFileType = sourcecode.swift; path = StorageManager.swift; sourceTree = "<group>"; };
		EB712BCF2A1848CD0064C34B /* MapViewController.swift */ = {isa = PBXFileReference; lastKnownFileType = sourcecode.swift; path = MapViewController.swift; sourceTree = "<group>"; };
		EBAFE0592A12F76F007296A1 /* RatingControl.swift */ = {isa = PBXFileReference; lastKnownFileType = sourcecode.swift; path = RatingControl.swift; sourceTree = "<group>"; };
		EBC4594929F46092003060F6 /* CustomTableViewCell.swift */ = {isa = PBXFileReference; lastKnownFileType = sourcecode.swift; path = CustomTableViewCell.swift; sourceTree = "<group>"; };
		EBC4594B29F4728F003060F6 /* PlaceModel.swift */ = {isa = PBXFileReference; lastKnownFileType = sourcecode.swift; path = PlaceModel.swift; sourceTree = "<group>"; };
		F7BEFC7D23CBBEFC0182E8F5 /* Pods_MyPlaces.framework */ = {isa = PBXFileReference; explicitFileType = wrapper.framework; includeInIndex = 0; path = Pods_MyPlaces.framework; sourceTree = BUILT_PRODUCTS_DIR; };
/* End PBXFileReference section */

/* Begin PBXFrameworksBuildPhase section */
		EB3B618129EF45A500FBF9A2 /* Frameworks */ = {
			isa = PBXFrameworksBuildPhase;
			buildActionMask = 2147483647;
			files = (
				03EF66E81EE335ECD20578A6 /* Pods_MyPlaces.framework in Frameworks */,
			);
			runOnlyForDeploymentPostprocessing = 0;
		};
/* End PBXFrameworksBuildPhase section */

/* Begin PBXGroup section */
		003E39DBC0733F6703A08039 /* Pods */ = {
			isa = PBXGroup;
			children = (
				96AF143C6DFD6DAE35E6AC07 /* Pods-MyPlaces.debug.xcconfig */,
				C2CDAB6F84035EC22AE27C2A /* Pods-MyPlaces.release.xcconfig */,
			);
			path = Pods;
			sourceTree = "<group>";
		};
		2F4F1ACBEFFD699CB2CEE5EA /* Frameworks */ = {
			isa = PBXGroup;
			children = (
				F7BEFC7D23CBBEFC0182E8F5 /* Pods_MyPlaces.framework */,
			);
			name = Frameworks;
			sourceTree = "<group>";
		};
		EB1CE4D32A1EFDC100B8E4E8 /* ViewControllers */ = {
			isa = PBXGroup;
			children = (
				EB3B619E29EF604900FBF9A2 /* MainViewController.swift */,
				EB01E22829F5CD3D00B04FC5 /* NewPlaceViewController.swift */,
				EB712BCF2A1848CD0064C34B /* MapViewController.swift */,
				EBC4594929F46092003060F6 /* CustomTableViewCell.swift */,
			);
			path = ViewControllers;
			sourceTree = "<group>";
		};
		EB1CE4D52A1EFE0700B8E4E8 /* Models */ = {
			isa = PBXGroup;
			children = (
				EBC4594B29F4728F003060F6 /* PlaceModel.swift */,
			);
			path = Models;
			sourceTree = "<group>";
		};
		EB1CE4D62A1EFE1A00B8E4E8 /* Helpers */ = {
			isa = PBXGroup;
			children = (
				EB1CE4CE2A1EDC1200B8E4E8 /* MapManager.swift */,
				EB3EF94529FC474F00C8E3B8 /* StorageManager.swift */,
				EBAFE0592A12F76F007296A1 /* RatingControl.swift */,
			);
			path = Helpers;
			sourceTree = "<group>";
		};
		EB1CE4D72A1EFE4A00B8E4E8 /* SupportFiles */ = {
			isa = PBXGroup;
			children = (
				EB3B618729EF45A500FBF9A2 /* AppDelegate.swift */,
				EB3B618929EF45A500FBF9A2 /* SceneDelegate.swift */,
				EB3B619329EF45A900FBF9A2 /* Assets.xcassets */,
				EB3B619029EF45A500FBF9A2 /* MyPlaces.xcdatamodeld */,
				EB3B619829EF45A900FBF9A2 /* Info.plist */,
			);
			path = SupportFiles;
			sourceTree = "<group>";
		};
		EB1CE4D82A1EFE9400B8E4E8 /* IBuilder */ = {
			isa = PBXGroup;
			children = (
				EB3B619529EF45A900FBF9A2 /* LaunchScreen.storyboard */,
				EB3B618D29EF45A500FBF9A2 /* Main.storyboard */,
			);
			path = IBuilder;
			sourceTree = "<group>";
		};
		EB3B617B29EF45A500FBF9A2 = {
			isa = PBXGroup;
			children = (
				EB3B618629EF45A500FBF9A2 /* MyPlaces */,
				EB3B618529EF45A500FBF9A2 /* Products */,
				003E39DBC0733F6703A08039 /* Pods */,
				2F4F1ACBEFFD699CB2CEE5EA /* Frameworks */,
			);
			sourceTree = "<group>";
		};
		EB3B618529EF45A500FBF9A2 /* Products */ = {
			isa = PBXGroup;
			children = (
				EB3B618429EF45A500FBF9A2 /* MyPlaces.app */,
			);
			name = Products;
			sourceTree = "<group>";
		};
		EB3B618629EF45A500FBF9A2 /* MyPlaces */ = {
			isa = PBXGroup;
			children = (
				EB1CE4D32A1EFDC100B8E4E8 /* ViewControllers */,
				EB1CE4D62A1EFE1A00B8E4E8 /* Helpers */,
				EB1CE4D52A1EFE0700B8E4E8 /* Models */,
				EB1CE4D72A1EFE4A00B8E4E8 /* SupportFiles */,
				EB1CE4D82A1EFE9400B8E4E8 /* IBuilder */,
			);
			path = MyPlaces;
			sourceTree = "<group>";
		};
/* End PBXGroup section */

/* Begin PBXNativeTarget section */
		EB3B618329EF45A500FBF9A2 /* MyPlaces */ = {
			isa = PBXNativeTarget;
			buildConfigurationList = EB3B619B29EF45A900FBF9A2 /* Build configuration list for PBXNativeTarget "MyPlaces" */;
			buildPhases = (
				7F7A6E74E35FF6974A7BEFAF /* [CP] Check Pods Manifest.lock */,
				EB3B618029EF45A500FBF9A2 /* Sources */,
				EB3B618129EF45A500FBF9A2 /* Frameworks */,
				EB3B618229EF45A500FBF9A2 /* Resources */,
				5A8CC80FD38262688358CE39 /* [CP] Embed Pods Frameworks */,
			);
			buildRules = (
			);
			dependencies = (
			);
			name = MyPlaces;
			productName = MyPlaces;
			productReference = EB3B618429EF45A500FBF9A2 /* MyPlaces.app */;
			productType = "com.apple.product-type.application";
		};
/* End PBXNativeTarget section */

/* Begin PBXProject section */
		EB3B617C29EF45A500FBF9A2 /* Project object */ = {
			isa = PBXProject;
			attributes = {
				BuildIndependentTargetsInParallel = 1;
				LastSwiftUpdateCheck = 1320;
				LastUpgradeCheck = 1320;
				TargetAttributes = {
					EB3B618329EF45A500FBF9A2 = {
						CreatedOnToolsVersion = 13.2.1;
					};
				};
			};
			buildConfigurationList = EB3B617F29EF45A500FBF9A2 /* Build configuration list for PBXProject "MyPlaces" */;
			compatibilityVersion = "Xcode 13.0";
			developmentRegion = en;
			hasScannedForEncodings = 0;
			knownRegions = (
				en,
				Base,
			);
			mainGroup = EB3B617B29EF45A500FBF9A2;
			productRefGroup = EB3B618529EF45A500FBF9A2 /* Products */;
			projectDirPath = "";
			projectRoot = "";
			targets = (
				EB3B618329EF45A500FBF9A2 /* MyPlaces */,
			);
		};
/* End PBXProject section */

/* Begin PBXResourcesBuildPhase section */
		EB3B618229EF45A500FBF9A2 /* Resources */ = {
			isa = PBXResourcesBuildPhase;
			buildActionMask = 2147483647;
			files = (
				EB3B619729EF45A900FBF9A2 /* LaunchScreen.storyboard in Resources */,
				EB3B619429EF45A900FBF9A2 /* Assets.xcassets in Resources */,
				EB3B618F29EF45A500FBF9A2 /* Main.storyboard in Resources */,
			);
			runOnlyForDeploymentPostprocessing = 0;
		};
/* End PBXResourcesBuildPhase section */

/* Begin PBXShellScriptBuildPhase section */
		5A8CC80FD38262688358CE39 /* [CP] Embed Pods Frameworks */ = {
			isa = PBXShellScriptBuildPhase;
			buildActionMask = 2147483647;
			files = (
			);
			inputFileListPaths = (
				"${PODS_ROOT}/Target Support Files/Pods-MyPlaces/Pods-MyPlaces-frameworks-${CONFIGURATION}-input-files.xcfilelist",
			);
			name = "[CP] Embed Pods Frameworks";
			outputFileListPaths = (
				"${PODS_ROOT}/Target Support Files/Pods-MyPlaces/Pods-MyPlaces-frameworks-${CONFIGURATION}-output-files.xcfilelist",
			);
			runOnlyForDeploymentPostprocessing = 0;
			shellPath = /bin/sh;
			shellScript = "\"${PODS_ROOT}/Target Support Files/Pods-MyPlaces/Pods-MyPlaces-frameworks.sh\"\n";
			showEnvVarsInLog = 0;
		};
		7F7A6E74E35FF6974A7BEFAF /* [CP] Check Pods Manifest.lock */ = {
			isa = PBXShellScriptBuildPhase;
			buildActionMask = 2147483647;
			files = (
			);
			inputFileListPaths = (
			);
			inputPaths = (
				"${PODS_PODFILE_DIR_PATH}/Podfile.lock",
				"${PODS_ROOT}/Manifest.lock",
			);
			name = "[CP] Check Pods Manifest.lock";
			outputFileListPaths = (
			);
			outputPaths = (
				"$(DERIVED_FILE_DIR)/Pods-MyPlaces-checkManifestLockResult.txt",
			);
			runOnlyForDeploymentPostprocessing = 0;
			shellPath = /bin/sh;
			shellScript = "diff \"${PODS_PODFILE_DIR_PATH}/Podfile.lock\" \"${PODS_ROOT}/Manifest.lock\" > /dev/null\nif [ $? != 0 ] ; then\n    # print error to STDERR\n    echo \"error: The sandbox is not in sync with the Podfile.lock. Run 'pod install' or update your CocoaPods installation.\" >&2\n    exit 1\nfi\n# This output is used by Xcode 'outputs' to avoid re-running this script phase.\necho \"SUCCESS\" > \"${SCRIPT_OUTPUT_FILE_0}\"\n";
			showEnvVarsInLog = 0;
		};
/* End PBXShellScriptBuildPhase section */

/* Begin PBXSourcesBuildPhase section */
		EB3B618029EF45A500FBF9A2 /* Sources */ = {
			isa = PBXSourcesBuildPhase;
			buildActionMask = 2147483647;
			files = (
				EB3B618829EF45A500FBF9A2 /* AppDelegate.swift in Sources */,
				EBC4594C29F4728F003060F6 /* PlaceModel.swift in Sources */,
				EBC4594A29F46092003060F6 /* CustomTableViewCell.swift in Sources */,
				EB712BD02A1848CE0064C34B /* MapViewController.swift in Sources */,
				EB3B618A29EF45A500FBF9A2 /* SceneDelegate.swift in Sources */,
				EB1CE4CF2A1EDC1300B8E4E8 /* MapManager.swift in Sources */,
				EBAFE05A2A12F770007296A1 /* RatingControl.swift in Sources */,
				EB01E22929F5CD4400B04FC5 /* NewPlaceViewController.swift in Sources */,
				EB3B619229EF45A500FBF9A2 /* MyPlaces.xcdatamodeld in Sources */,
				EB3B619F29EF604900FBF9A2 /* MainViewController.swift in Sources */,
				EB3EF94629FC474F00C8E3B8 /* StorageManager.swift in Sources */,
			);
			runOnlyForDeploymentPostprocessing = 0;
		};
/* End PBXSourcesBuildPhase section */

/* Begin PBXVariantGroup section */
		EB3B618D29EF45A500FBF9A2 /* Main.storyboard */ = {
			isa = PBXVariantGroup;
			children = (
				EB3B618E29EF45A500FBF9A2 /* Base */,
			);
			name = Main.storyboard;
			sourceTree = "<group>";
		};
		EB3B619529EF45A900FBF9A2 /* LaunchScreen.storyboard */ = {
			isa = PBXVariantGroup;
			children = (
				EB3B619629EF45A900FBF9A2 /* Base */,
			);
			name = LaunchScreen.storyboard;
			sourceTree = "<group>";
		};
/* End PBXVariantGroup section */

/* Begin XCBuildConfiguration section */
		EB3B619929EF45A900FBF9A2 /* Debug */ = {
			isa = XCBuildConfiguration;
			buildSettings = {
				ALWAYS_SEARCH_USER_PATHS = NO;
				CLANG_ANALYZER_NONNULL = YES;
				CLANG_ANALYZER_NUMBER_OBJECT_CONVERSION = YES_AGGRESSIVE;
				CLANG_CXX_LANGUAGE_STANDARD = "gnu++17";
				CLANG_CXX_LIBRARY = "libc++";
				CLANG_ENABLE_MODULES = YES;
				CLANG_ENABLE_OBJC_ARC = YES;
				CLANG_ENABLE_OBJC_WEAK = YES;
				CLANG_WARN_BLOCK_CAPTURE_AUTORELEASING = YES;
				CLANG_WARN_BOOL_CONVERSION = YES;
				CLANG_WARN_COMMA = YES;
				CLANG_WARN_CONSTANT_CONVERSION = YES;
				CLANG_WARN_DEPRECATED_OBJC_IMPLEMENTATIONS = YES;
				CLANG_WARN_DIRECT_OBJC_ISA_USAGE = YES_ERROR;
				CLANG_WARN_DOCUMENTATION_COMMENTS = YES;
				CLANG_WARN_EMPTY_BODY = YES;
				CLANG_WARN_ENUM_CONVERSION = YES;
				CLANG_WARN_INFINITE_RECURSION = YES;
				CLANG_WARN_INT_CONVERSION = YES;
				CLANG_WARN_NON_LITERAL_NULL_CONVERSION = YES;
				CLANG_WARN_OBJC_IMPLICIT_RETAIN_SELF = YES;
				CLANG_WARN_OBJC_LITERAL_CONVERSION = YES;
				CLANG_WARN_OBJC_ROOT_CLASS = YES_ERROR;
				CLANG_WARN_QUOTED_INCLUDE_IN_FRAMEWORK_HEADER = YES;
				CLANG_WARN_RANGE_LOOP_ANALYSIS = YES;
				CLANG_WARN_STRICT_PROTOTYPES = YES;
				CLANG_WARN_SUSPICIOUS_MOVE = YES;
				CLANG_WARN_UNGUARDED_AVAILABILITY = YES_AGGRESSIVE;
				CLANG_WARN_UNREACHABLE_CODE = YES;
				CLANG_WARN__DUPLICATE_METHOD_MATCH = YES;
				COPY_PHASE_STRIP = NO;
				DEBUG_INFORMATION_FORMAT = dwarf;
				ENABLE_STRICT_OBJC_MSGSEND = YES;
				ENABLE_TESTABILITY = YES;
				GCC_C_LANGUAGE_STANDARD = gnu11;
				GCC_DYNAMIC_NO_PIC = NO;
				GCC_NO_COMMON_BLOCKS = YES;
				GCC_OPTIMIZATION_LEVEL = 0;
				GCC_PREPROCESSOR_DEFINITIONS = (
					"DEBUG=1",
					"$(inherited)",
				);
				GCC_WARN_64_TO_32_BIT_CONVERSION = YES;
				GCC_WARN_ABOUT_RETURN_TYPE = YES_ERROR;
				GCC_WARN_UNDECLARED_SELECTOR = YES;
				GCC_WARN_UNINITIALIZED_AUTOS = YES_AGGRESSIVE;
				GCC_WARN_UNUSED_FUNCTION = YES;
				GCC_WARN_UNUSED_VARIABLE = YES;
				IPHONEOS_DEPLOYMENT_TARGET = 15.2;
				MTL_ENABLE_DEBUG_INFO = INCLUDE_SOURCE;
				MTL_FAST_MATH = YES;
				ONLY_ACTIVE_ARCH = YES;
				SDKROOT = iphoneos;
				SWIFT_ACTIVE_COMPILATION_CONDITIONS = DEBUG;
				SWIFT_OPTIMIZATION_LEVEL = "-Onone";
			};
			name = Debug;
		};
		EB3B619A29EF45A900FBF9A2 /* Release */ = {
			isa = XCBuildConfiguration;
			buildSettings = {
				ALWAYS_SEARCH_USER_PATHS = NO;
				CLANG_ANALYZER_NONNULL = YES;
				CLANG_ANALYZER_NUMBER_OBJECT_CONVERSION = YES_AGGRESSIVE;
				CLANG_CXX_LANGUAGE_STANDARD = "gnu++17";
				CLANG_CXX_LIBRARY = "libc++";
				CLANG_ENABLE_MODULES = YES;
				CLANG_ENABLE_OBJC_ARC = YES;
				CLANG_ENABLE_OBJC_WEAK = YES;
				CLANG_WARN_BLOCK_CAPTURE_AUTORELEASING = YES;
				CLANG_WARN_BOOL_CONVERSION = YES;
				CLANG_WARN_COMMA = YES;
				CLANG_WARN_CONSTANT_CONVERSION = YES;
				CLANG_WARN_DEPRECATED_OBJC_IMPLEMENTATIONS = YES;
				CLANG_WARN_DIRECT_OBJC_ISA_USAGE = YES_ERROR;
				CLANG_WARN_DOCUMENTATION_COMMENTS = YES;
				CLANG_WARN_EMPTY_BODY = YES;
				CLANG_WARN_ENUM_CONVERSION = YES;
				CLANG_WARN_INFINITE_RECURSION = YES;
				CLANG_WARN_INT_CONVERSION = YES;
				CLANG_WARN_NON_LITERAL_NULL_CONVERSION = YES;
				CLANG_WARN_OBJC_IMPLICIT_RETAIN_SELF = YES;
				CLANG_WARN_OBJC_LITERAL_CONVERSION = YES;
				CLANG_WARN_OBJC_ROOT_CLASS = YES_ERROR;
				CLANG_WARN_QUOTED_INCLUDE_IN_FRAMEWORK_HEADER = YES;
				CLANG_WARN_RANGE_LOOP_ANALYSIS = YES;
				CLANG_WARN_STRICT_PROTOTYPES = YES;
				CLANG_WARN_SUSPICIOUS_MOVE = YES;
				CLANG_WARN_UNGUARDED_AVAILABILITY = YES_AGGRESSIVE;
				CLANG_WARN_UNREACHABLE_CODE = YES;
				CLANG_WARN__DUPLICATE_METHOD_MATCH = YES;
				COPY_PHASE_STRIP = NO;
				DEBUG_INFORMATION_FORMAT = "dwarf-with-dsym";
				ENABLE_NS_ASSERTIONS = NO;
				ENABLE_STRICT_OBJC_MSGSEND = YES;
				GCC_C_LANGUAGE_STANDARD = gnu11;
				GCC_NO_COMMON_BLOCKS = YES;
				GCC_WARN_64_TO_32_BIT_CONVERSION = YES;
				GCC_WARN_ABOUT_RETURN_TYPE = YES_ERROR;
				GCC_WARN_UNDECLARED_SELECTOR = YES;
				GCC_WARN_UNINITIALIZED_AUTOS = YES_AGGRESSIVE;
				GCC_WARN_UNUSED_FUNCTION = YES;
				GCC_WARN_UNUSED_VARIABLE = YES;
				IPHONEOS_DEPLOYMENT_TARGET = 15.2;
				MTL_ENABLE_DEBUG_INFO = NO;
				MTL_FAST_MATH = YES;
				SDKROOT = iphoneos;
				SWIFT_COMPILATION_MODE = wholemodule;
				SWIFT_OPTIMIZATION_LEVEL = "-O";
				VALIDATE_PRODUCT = YES;
			};
			name = Release;
		};
		EB3B619C29EF45A900FBF9A2 /* Debug */ = {
			isa = XCBuildConfiguration;
			baseConfigurationReference = 96AF143C6DFD6DAE35E6AC07 /* Pods-MyPlaces.debug.xcconfig */;
			buildSettings = {
				ASSETCATALOG_COMPILER_APPICON_NAME = AppIcon;
				ASSETCATALOG_COMPILER_GLOBAL_ACCENT_COLOR_NAME = AccentColor;
				CODE_SIGN_STYLE = Automatic;
				CURRENT_PROJECT_VERSION = 1;
				DEVELOPMENT_TEAM = R5C49BL65T;
				GENERATE_INFOPLIST_FILE = YES;
				INFOPLIST_FILE = MyPlaces/SupportFiles/Info.plist;
				INFOPLIST_KEY_UIApplicationSupportsIndirectInputEvents = YES;
				INFOPLIST_KEY_UILaunchStoryboardName = LaunchScreen;
				INFOPLIST_KEY_UIMainStoryboardFile = Main;
				INFOPLIST_KEY_UISupportedInterfaceOrientations = "UIInterfaceOrientationPortrait UIInterfaceOrientationLandscapeLeft UIInterfaceOrientationLandscapeRight";
				INFOPLIST_KEY_UISupportedInterfaceOrientations_iPad = "UIInterfaceOrientationPortrait UIInterfaceOrientationPortraitUpsideDown UIInterfaceOrientationLandscapeLeft UIInterfaceOrientationLandscapeRight";
				INFOPLIST_KEY_UISupportedInterfaceOrientations_iPhone = "UIInterfaceOrientationPortrait UIInterfaceOrientationLandscapeLeft UIInterfaceOrientationLandscapeRight";
				LD_RUNPATH_SEARCH_PATHS = (
					"$(inherited)",
					"@executable_path/Frameworks",
				);
				MARKETING_VERSION = 1.0;
				PRODUCT_BUNDLE_IDENTIFIER = ru.MyPlaces;
				PRODUCT_NAME = "$(TARGET_NAME)";
				SWIFT_EMIT_LOC_STRINGS = YES;
				SWIFT_VERSION = 5.0;
				TARGETED_DEVICE_FAMILY = "1,2";
			};
			name = Debug;
		};
		EB3B619D29EF45A900FBF9A2 /* Release */ = {
			isa = XCBuildConfiguration;
			baseConfigurationReference = C2CDAB6F84035EC22AE27C2A /* Pods-MyPlaces.release.xcconfig */;
			buildSettings = {
				ASSETCATALOG_COMPILER_APPICON_NAME = AppIcon;
				ASSETCATALOG_COMPILER_GLOBAL_ACCENT_COLOR_NAME = AccentColor;
				CODE_SIGN_STYLE = Automatic;
				CURRENT_PROJECT_VERSION = 1;
				DEVELOPMENT_TEAM = R5C49BL65T;
				GENERATE_INFOPLIST_FILE = YES;
				INFOPLIST_FILE = MyPlaces/SupportFiles/Info.plist;
				INFOPLIST_KEY_UIApplicationSupportsIndirectInputEvents = YES;
				INFOPLIST_KEY_UILaunchStoryboardName = LaunchScreen;
				INFOPLIST_KEY_UIMainStoryboardFile = Main;
				INFOPLIST_KEY_UISupportedInterfaceOrientations = "UIInterfaceOrientationPortrait UIInterfaceOrientationLandscapeLeft UIInterfaceOrientationLandscapeRight";
				INFOPLIST_KEY_UISupportedInterfaceOrientations_iPad = "UIInterfaceOrientationPortrait UIInterfaceOrientationPortraitUpsideDown UIInterfaceOrientationLandscapeLeft UIInterfaceOrientationLandscapeRight";
				INFOPLIST_KEY_UISupportedInterfaceOrientations_iPhone = "UIInterfaceOrientationPortrait UIInterfaceOrientationLandscapeLeft UIInterfaceOrientationLandscapeRight";
				LD_RUNPATH_SEARCH_PATHS = (
					"$(inherited)",
					"@executable_path/Frameworks",
				);
				MARKETING_VERSION = 1.0;
				PRODUCT_BUNDLE_IDENTIFIER = ru.MyPlaces;
				PRODUCT_NAME = "$(TARGET_NAME)";
				SWIFT_EMIT_LOC_STRINGS = YES;
				SWIFT_VERSION = 5.0;
				TARGETED_DEVICE_FAMILY = "1,2";
			};
			name = Release;
		};
/* End XCBuildConfiguration section */

/* Begin XCConfigurationList section */
		EB3B617F29EF45A500FBF9A2 /* Build configuration list for PBXProject "MyPlaces" */ = {
			isa = XCConfigurationList;
			buildConfigurations = (
				EB3B619929EF45A900FBF9A2 /* Debug */,
				EB3B619A29EF45A900FBF9A2 /* Release */,
			);
			defaultConfigurationIsVisible = 0;
			defaultConfigurationName = Release;
		};
		EB3B619B29EF45A900FBF9A2 /* Build configuration list for PBXNativeTarget "MyPlaces" */ = {
			isa = XCConfigurationList;
			buildConfigurations = (
				EB3B619C29EF45A900FBF9A2 /* Debug */,
				EB3B619D29EF45A900FBF9A2 /* Release */,
			);
			defaultConfigurationIsVisible = 0;
			defaultConfigurationName = Release;
		};
/* End XCConfigurationList section */

/* Begin XCVersionGroup section */
		EB3B619029EF45A500FBF9A2 /* MyPlaces.xcdatamodeld */ = {
			isa = XCVersionGroup;
			children = (
				EB3B619129EF45A500FBF9A2 /* MyPlaces.xcdatamodel */,
			);
			currentVersion = EB3B619129EF45A500FBF9A2 /* MyPlaces.xcdatamodel */;
			path = MyPlaces.xcdatamodeld;
			sourceTree = "<group>";
			versionGroupType = wrapper.xcdatamodel;
		};
/* End XCVersionGroup section */
	};
	rootObject = EB3B617C29EF45A500FBF9A2 /* Project object */;
}
